
Microsoft Visual Studio Solution File, Format Version 12.00
# Visual Studio Version 17
VisualStudioVersion = 17.14.36518.9 d17.14
MinimumVisualStudioVersion = 10.0.40219.1
Project("{FAE04EC0-301F-11D3-BF4B-00C04F79EFBC}") = "ContactesTest", "ContactesTest\ContactesTest.csproj", "{D2FB804C-4C2F-4121-B7B3-C27F7F538EF6}"
EndProject
Global
	GlobalSection(SolutionConfigurationPlatforms) = preSolution
		Debug|Any CPU = Debug|Any CPU
		Release|Any CPU = Release|Any CPU
	EndGlobalSection
	GlobalSection(ProjectConfigurationPlatforms) = postSolution
		{D2FB804C-4C2F-4121-B7B3-C27F7F538EF6}.Debug|Any CPU.ActiveCfg = Debug|Any CPU
		{D2FB804C-4C2F-4121-B7B3-C27F7F538EF6}.Debug|Any CPU.Build.0 = Debug|Any CPU
		{D2FB804C-4C2F-4121-B7B3-C27F7F538EF6}.Release|Any CPU.ActiveCfg = Release|Any CPU
		{D2FB804C-4C2F-4121-B7B3-C27F7F538EF6}.Release|Any CPU.Build.0 = Release|Any CPU
	EndGlobalSection
	GlobalSection(SolutionProperties) = preSolution
		HideSolutionNode = FALSE
	EndGlobalSection
	GlobalSection(ExtensibilityGlobals) = postSolution
		SolutionGuid = {3E29F02A-AF0E-480B-B318-8A07AEC65EB6}
	EndGlobalSection
EndGlobal
